
Microsoft Visual Studio Solution File, Format Version 12.00
# Visual Studio Version 17
VisualStudioVersion = 17.5.33530.505
MinimumVisualStudioVersion = 10.0.40219.1
Project("{FAE04EC0-301F-11D3-BF4B-00C04F79EFBC}") = "Christ3D.Domain", "Christ3D.Domai\Christ3D.Domain.csproj", "{2C4B7DCD-7076-4084-8AF5-715210B5BE14}"
EndProject
Project("{FAE04EC0-301F-11D3-BF4B-00C04F79EFBC}") = "Christ3D.Application", "Christ3D.Application\Christ3D.Application.csproj", "{51B3C53A-58AE-46DE-BCF0-FC12355C1088}"
EndProject
Project("{FAE04EC0-301F-11D3-BF4B-00C04F79EFBC}") = "Christ3D.Infrastruct.Data", "Christ3D.Infrastruct.Data\Christ3D.Infrastruct.Data.csproj", "{417BBE02-E05F-43B5-8E5A-322238234A20}"
EndProject
Project("{FAE04EC0-301F-11D3-BF4B-00C04F79EFBC}") = "Christ3D.UI", "Christ3D.UI\Christ3D.UI.csproj", "{B2D29491-11C9-4087-8C6A-A7A540149371}"
EndProject
Project("{FAE04EC0-301F-11D3-BF4B-00C04F79EFBC}") = "Christ3D.Domain.Core", "Christ3D.Domain.Core\Christ3D.Domain.Core.csproj", "{097B45F5-8BE6-4311-9200-6045799B6D1A}"
EndProject
Global
	GlobalSection(SolutionConfigurationPlatforms) = preSolution
		Debug|Any CPU = Debug|Any CPU
		Release|Any CPU = Release|Any CPU
	EndGlobalSection
	GlobalSection(ProjectConfigurationPlatforms) = postSolution
		{2C4B7DCD-7076-4084-8AF5-715210B5BE14}.Debug|Any CPU.ActiveCfg = Debug|Any CPU
		{2C4B7DCD-7076-4084-8AF5-715210B5BE14}.Debug|Any CPU.Build.0 = Debug|Any CPU
		{2C4B7DCD-7076-4084-8AF5-715210B5BE14}.Release|Any CPU.ActiveCfg = Release|Any CPU
		{2C4B7DCD-7076-4084-8AF5-715210B5BE14}.Release|Any CPU.Build.0 = Release|Any CPU
		{51B3C53A-58AE-46DE-BCF0-FC12355C1088}.Debug|Any CPU.ActiveCfg = Debug|Any CPU
		{51B3C53A-58AE-46DE-BCF0-FC12355C1088}.Debug|Any CPU.Build.0 = Debug|Any CPU
		{51B3C53A-58AE-46DE-BCF0-FC12355C1088}.Release|Any CPU.ActiveCfg = Release|Any CPU
		{51B3C53A-58AE-46DE-BCF0-FC12355C1088}.Release|Any CPU.Build.0 = Release|Any CPU
		{417BBE02-E05F-43B5-8E5A-322238234A20}.Debug|Any CPU.ActiveCfg = Debug|Any CPU
		{417BBE02-E05F-43B5-8E5A-322238234A20}.Debug|Any CPU.Build.0 = Debug|Any CPU
		{417BBE02-E05F-43B5-8E5A-322238234A20}.Release|Any CPU.ActiveCfg = Release|Any CPU
		{417BBE02-E05F-43B5-8E5A-322238234A20}.Release|Any CPU.Build.0 = Release|Any CPU
		{B2D29491-11C9-4087-8C6A-A7A540149371}.Debug|Any CPU.ActiveCfg = Debug|Any CPU
		{B2D29491-11C9-4087-8C6A-A7A540149371}.Debug|Any CPU.Build.0 = Debug|Any CPU
		{B2D29491-11C9-4087-8C6A-A7A540149371}.Release|Any CPU.ActiveCfg = Release|Any CPU
		{B2D29491-11C9-4087-8C6A-A7A540149371}.Release|Any CPU.Build.0 = Release|Any CPU
		{097B45F5-8BE6-4311-9200-6045799B6D1A}.Debug|Any CPU.ActiveCfg = Debug|Any CPU
		{097B45F5-8BE6-4311-9200-6045799B6D1A}.Debug|Any CPU.Build.0 = Debug|Any CPU
		{097B45F5-8BE6-4311-9200-6045799B6D1A}.Release|Any CPU.ActiveCfg = Release|Any CPU
		{097B45F5-8BE6-4311-9200-6045799B6D1A}.Release|Any CPU.Build.0 = Release|Any CPU
	EndGlobalSection
	GlobalSection(SolutionProperties) = preSolution
		HideSolutionNode = FALSE
	EndGlobalSection
	GlobalSection(ExtensibilityGlobals) = postSolution
		SolutionGuid = {9FC0246E-EAAC-430C-B7DB-0BAB93107E1E}
	EndGlobalSection
EndGlobal
